// !$*UTF8*$!
{
	archiveVersion = 1;
	classes = {
	};
	objectVersion = 56;
	objects = {

/* Begin PBXBuildFile section */
		0E48529A2C1A13CC00FB577E /* Plant_CareApp.swift in Sources */ = {isa = PBXBuildFile; fileRef = 0E4852992C1A13CC00FB577E /* Plant_CareApp.swift */; };
		0E48529C2C1A13CC00FB577E /* ContentView.swift in Sources */ = {isa = PBXBuildFile; fileRef = 0E48529B2C1A13CC00FB577E /* ContentView.swift */; };
		0E48529E2C1A13CD00FB577E /* Assets.xcassets in Resources */ = {isa = PBXBuildFile; fileRef = 0E48529D2C1A13CD00FB577E /* Assets.xcassets */; };
		0E4852A12C1A13CD00FB577E /* Preview Assets.xcassets in Resources */ = {isa = PBXBuildFile; fileRef = 0E4852A02C1A13CD00FB577E /* Preview Assets.xcassets */; };
		0EEB1C7F2C1AE4D800AA90FE /* Plant.swift in Sources */ = {isa = PBXBuildFile; fileRef = 0EEB1C7E2C1AE4D800AA90FE /* Plant.swift */; };
		0EEB1C832C1AE9C200AA90FE /* plantData.json in Resources */ = {isa = PBXBuildFile; fileRef = 0EEB1C822C1AE9C200AA90FE /* plantData.json */; };
		0EEB1C852C1AEC7200AA90FE /* ModelData.swift in Sources */ = {isa = PBXBuildFile; fileRef = 0EEB1C842C1AEC7200AA90FE /* ModelData.swift */; };
		0EEB1C872C1AED4D00AA90FE /* PlantRow.swift in Sources */ = {isa = PBXBuildFile; fileRef = 0EEB1C862C1AED4D00AA90FE /* PlantRow.swift */; };
		0EEB1C892C1AEEC400AA90FE /* PlantList.swift in Sources */ = {isa = PBXBuildFile; fileRef = 0EEB1C882C1AEEC400AA90FE /* PlantList.swift */; };
		0EEB1C8B2C1AEFEE00AA90FE /* MapView.swift in Sources */ = {isa = PBXBuildFile; fileRef = 0EEB1C8A2C1AEFEE00AA90FE /* MapView.swift */; };
		0EEB1C8D2C1AF05900AA90FE /* ImageCircle.swift in Sources */ = {isa = PBXBuildFile; fileRef = 0EEB1C8C2C1AF05900AA90FE /* ImageCircle.swift */; };
		0EEB1C8F2C1AF0A700AA90FE /* PlantDetail.swift in Sources */ = {isa = PBXBuildFile; fileRef = 0EEB1C8E2C1AF0A700AA90FE /* PlantDetail.swift */; };
/* End PBXBuildFile section */

/* Begin PBXFileReference section */
		0E4852962C1A13CC00FB577E /* Plant Care.app */ = {isa = PBXFileReference; explicitFileType = wrapper.application; includeInIndex = 0; path = "Plant Care.app"; sourceTree = BUILT_PRODUCTS_DIR; };
		0E4852992C1A13CC00FB577E /* Plant_CareApp.swift */ = {isa = PBXFileReference; lastKnownFileType = sourcecode.swift; path = Plant_CareApp.swift; sourceTree = "<group>"; };
		0E48529B2C1A13CC00FB577E /* ContentView.swift */ = {isa = PBXFileReference; lastKnownFileType = sourcecode.swift; path = ContentView.swift; sourceTree = "<group>"; };
		0E48529D2C1A13CD00FB577E /* Assets.xcassets */ = {isa = PBXFileReference; lastKnownFileType = folder.assetcatalog; path = Assets.xcassets; sourceTree = "<group>"; };
		0E4852A02C1A13CD00FB577E /* Preview Assets.xcassets */ = {isa = PBXFileReference; lastKnownFileType = folder.assetcatalog; path = "Preview Assets.xcassets"; sourceTree = "<group>"; };
		0EEB1C7E2C1AE4D800AA90FE /* Plant.swift */ = {isa = PBXFileReference; lastKnownFileType = sourcecode.swift; path = Plant.swift; sourceTree = "<group>"; };
		0EEB1C822C1AE9C200AA90FE /* plantData.json */ = {isa = PBXFileReference; lastKnownFileType = text.json; path = plantData.json; sourceTree = "<group>"; };
		0EEB1C842C1AEC7200AA90FE /* ModelData.swift */ = {isa = PBXFileReference; lastKnownFileType = sourcecode.swift; path = ModelData.swift; sourceTree = "<group>"; };
		0EEB1C862C1AED4D00AA90FE /* PlantRow.swift */ = {isa = PBXFileReference; lastKnownFileType = sourcecode.swift; path = PlantRow.swift; sourceTree = "<group>"; };
		0EEB1C882C1AEEC400AA90FE /* PlantList.swift */ = {isa = PBXFileReference; lastKnownFileType = sourcecode.swift; path = PlantList.swift; sourceTree = "<group>"; };
		0EEB1C8A2C1AEFEE00AA90FE /* MapView.swift */ = {isa = PBXFileReference; lastKnownFileType = sourcecode.swift; path = MapView.swift; sourceTree = "<group>"; };
		0EEB1C8C2C1AF05900AA90FE /* ImageCircle.swift */ = {isa = PBXFileReference; lastKnownFileType = sourcecode.swift; path = ImageCircle.swift; sourceTree = "<group>"; };
		0EEB1C8E2C1AF0A700AA90FE /* PlantDetail.swift */ = {isa = PBXFileReference; lastKnownFileType = sourcecode.swift; path = PlantDetail.swift; sourceTree = "<group>"; };
/* End PBXFileReference section */

/* Begin PBXFrameworksBuildPhase section */
		0E4852932C1A13CC00FB577E /* Frameworks */ = {
			isa = PBXFrameworksBuildPhase;
			buildActionMask = 2147483647;
			files = (
			);
			runOnlyForDeploymentPostprocessing = 0;
		};
/* End PBXFrameworksBuildPhase section */

/* Begin PBXGroup section */
		0E48528D2C1A13CC00FB577E = {
			isa = PBXGroup;
			children = (
				0E4852982C1A13CC00FB577E /* Plant Care */,
				0E4852972C1A13CC00FB577E /* Products */,
			);
			sourceTree = "<group>";
		};
		0E4852972C1A13CC00FB577E /* Products */ = {
			isa = PBXGroup;
			children = (
				0E4852962C1A13CC00FB577E /* Plant Care.app */,
			);
			name = Products;
			sourceTree = "<group>";
		};
		0E4852982C1A13CC00FB577E /* Plant Care */ = {
			isa = PBXGroup;
			children = (
				0EEB1C812C1AE8A900AA90FE /* Resources */,
				0EEB1C802C1AE7DC00AA90FE /* Views */,
				0EEB1C7D2C1AE4C600AA90FE /* Models */,
				0E4852992C1A13CC00FB577E /* Plant_CareApp.swift */,
				0E48529D2C1A13CD00FB577E /* Assets.xcassets */,
				0E48529F2C1A13CD00FB577E /* Preview Content */,
			);
			path = "Plant Care";
			sourceTree = "<group>";
		};
		0E48529F2C1A13CD00FB577E /* Preview Content */ = {
			isa = PBXGroup;
			children = (
				0E4852A02C1A13CD00FB577E /* Preview Assets.xcassets */,
			);
			path = "Preview Content";
			sourceTree = "<group>";
		};
		0EEB1C7D2C1AE4C600AA90FE /* Models */ = {
			isa = PBXGroup;
			children = (
				0EEB1C7E2C1AE4D800AA90FE /* Plant.swift */,
				0EEB1C842C1AEC7200AA90FE /* ModelData.swift */,
			);
			path = Models;
			sourceTree = "<group>";
		};
		0EEB1C802C1AE7DC00AA90FE /* Views */ = {
			isa = PBXGroup;
			children = (
				0E48529B2C1A13CC00FB577E /* ContentView.swift */,
				0EEB1C862C1AED4D00AA90FE /* PlantRow.swift */,
				0EEB1C882C1AEEC400AA90FE /* PlantList.swift */,
				0EEB1C8A2C1AEFEE00AA90FE /* MapView.swift */,
				0EEB1C8C2C1AF05900AA90FE /* ImageCircle.swift */,
				0EEB1C8E2C1AF0A700AA90FE /* PlantDetail.swift */,
			);
			path = Views;
			sourceTree = "<group>";
		};
		0EEB1C812C1AE8A900AA90FE /* Resources */ = {
			isa = PBXGroup;
			children = (
				0EEB1C822C1AE9C200AA90FE /* plantData.json */,
			);
			path = Resources;
			sourceTree = "<group>";
		};
/* End PBXGroup section */

/* Begin PBXNativeTarget section */
		0E4852952C1A13CC00FB577E /* Plant Care */ = {
			isa = PBXNativeTarget;
			buildConfigurationList = 0E4852A42C1A13CD00FB577E /* Build configuration list for PBXNativeTarget "Plant Care" */;
			buildPhases = (
				0E4852922C1A13CC00FB577E /* Sources */,
				0E4852932C1A13CC00FB577E /* Frameworks */,
				0E4852942C1A13CC00FB577E /* Resources */,
			);
			buildRules = (
			);
			dependencies = (
			);
			name = "Plant Care";
			productName = "Plant Care";
			productReference = 0E4852962C1A13CC00FB577E /* Plant Care.app */;
			productType = "com.apple.product-type.application";
		};
/* End PBXNativeTarget section */

/* Begin PBXProject section */
		0E48528E2C1A13CC00FB577E /* Project object */ = {
			isa = PBXProject;
			attributes = {
				BuildIndependentTargetsInParallel = 1;
				LastSwiftUpdateCheck = 1540;
				LastUpgradeCheck = 1540;
				TargetAttributes = {
					0E4852952C1A13CC00FB577E = {
						CreatedOnToolsVersion = 15.4;
					};
				};
			};
			buildConfigurationList = 0E4852912C1A13CC00FB577E /* Build configuration list for PBXProject "Plant Care" */;
			compatibilityVersion = "Xcode 14.0";
			developmentRegion = en;
			hasScannedForEncodings = 0;
			knownRegions = (
				en,
				Base,
			);
			mainGroup = 0E48528D2C1A13CC00FB577E;
			productRefGroup = 0E4852972C1A13CC00FB577E /* Products */;
			projectDirPath = "";
			projectRoot = "";
			targets = (
				0E4852952C1A13CC00FB577E /* Plant Care */,
			);
		};
/* End PBXProject section */

/* Begin PBXResourcesBuildPhase section */
		0E4852942C1A13CC00FB577E /* Resources */ = {
			isa = PBXResourcesBuildPhase;
			buildActionMask = 2147483647;
			files = (
				0EEB1C832C1AE9C200AA90FE /* plantData.json in Resources */,
				0E4852A12C1A13CD00FB577E /* Preview Assets.xcassets in Resources */,
				0E48529E2C1A13CD00FB577E /* Assets.xcassets in Resources */,
			);
			runOnlyForDeploymentPostprocessing = 0;
		};
/* End PBXResourcesBuildPhase section */

/* Begin PBXSourcesBuildPhase section */
		0E4852922C1A13CC00FB577E /* Sources */ = {
			isa = PBXSourcesBuildPhase;
			buildActionMask = 2147483647;
			files = (
				0EEB1C8B2C1AEFEE00AA90FE /* MapView.swift in Sources */,
				0EEB1C8D2C1AF05900AA90FE /* ImageCircle.swift in Sources */,
				0E48529C2C1A13CC00FB577E /* ContentView.swift in Sources */,
				0EEB1C892C1AEEC400AA90FE /* PlantList.swift in Sources */,
				0EEB1C852C1AEC7200AA90FE /* ModelData.swift in Sources */,
				0EEB1C7F2C1AE4D800AA90FE /* Plant.swift in Sources */,
				0EEB1C8F2C1AF0A700AA90FE /* PlantDetail.swift in Sources */,
				0EEB1C872C1AED4D00AA90FE /* PlantRow.swift in Sources */,
				0E48529A2C1A13CC00FB577E /* Plant_CareApp.swift in Sources */,
			);
			runOnlyForDeploymentPostprocessing = 0;
		};
/* End PBXSourcesBuildPhase section */

/* Begin XCBuildConfiguration section */
		0E4852A22C1A13CD00FB577E /* Debug */ = {
			isa = XCBuildConfiguration;
			buildSettings = {
				ALWAYS_SEARCH_USER_PATHS = NO;
				ASSETCATALOG_COMPILER_GENERATE_SWIFT_ASSET_SYMBOL_EXTENSIONS = YES;
				CLANG_ANALYZER_NONNULL = YES;
				CLANG_ANALYZER_NUMBER_OBJECT_CONVERSION = YES_AGGRESSIVE;
				CLANG_CXX_LANGUAGE_STANDARD = "gnu++20";
				CLANG_ENABLE_MODULES = YES;
				CLANG_ENABLE_OBJC_ARC = YES;
				CLANG_ENABLE_OBJC_WEAK = YES;
				CLANG_WARN_BLOCK_CAPTURE_AUTORELEASING = YES;
				CLANG_WARN_BOOL_CONVERSION = YES;
				CLANG_WARN_COMMA = YES;
				CLANG_WARN_CONSTANT_CONVERSION = YES;
				CLANG_WARN_DEPRECATED_OBJC_IMPLEMENTATIONS = YES;
				CLANG_WARN_DIRECT_OBJC_ISA_USAGE = YES_ERROR;
				CLANG_WARN_DOCUMENTATION_COMMENTS = YES;
				CLANG_WARN_EMPTY_BODY = YES;
				CLANG_WARN_ENUM_CONVERSION = YES;
				CLANG_WARN_INFINITE_RECURSION = YES;
				CLANG_WARN_INT_CONVERSION = YES;
				CLANG_WARN_NON_LITERAL_NULL_CONVERSION = YES;
				CLANG_WARN_OBJC_IMPLICIT_RETAIN_SELF = YES;
				CLANG_WARN_OBJC_LITERAL_CONVERSION = YES;
				CLANG_WARN_OBJC_ROOT_CLASS = YES_ERROR;
				CLANG_WARN_QUOTED_INCLUDE_IN_FRAMEWORK_HEADER = YES;
				CLANG_WARN_RANGE_LOOP_ANALYSIS = YES;
				CLANG_WARN_STRICT_PROTOTYPES = YES;
				CLANG_WARN_SUSPICIOUS_MOVE = YES;
				CLANG_WARN_UNGUARDED_AVAILABILITY = YES_AGGRESSIVE;
				CLANG_WARN_UNREACHABLE_CODE = YES;
				CLANG_WARN__DUPLICATE_METHOD_MATCH = YES;
				COPY_PHASE_STRIP = NO;
				DEBUG_INFORMATION_FORMAT = dwarf;
				ENABLE_STRICT_OBJC_MSGSEND = YES;
				ENABLE_TESTABILITY = YES;
				ENABLE_USER_SCRIPT_SANDBOXING = YES;
				GCC_C_LANGUAGE_STANDARD = gnu17;
				GCC_DYNAMIC_NO_PIC = NO;
				GCC_NO_COMMON_BLOCKS = YES;
				GCC_OPTIMIZATION_LEVEL = 0;
				GCC_PREPROCESSOR_DEFINITIONS = (
					"DEBUG=1",
					"$(inherited)",
				);
				GCC_WARN_64_TO_32_BIT_CONVERSION = YES;
				GCC_WARN_ABOUT_RETURN_TYPE = YES_ERROR;
				GCC_WARN_UNDECLARED_SELECTOR = YES;
				GCC_WARN_UNINITIALIZED_AUTOS = YES_AGGRESSIVE;
				GCC_WARN_UNUSED_FUNCTION = YES;
				GCC_WARN_UNUSED_VARIABLE = YES;
				IPHONEOS_DEPLOYMENT_TARGET = 17.5;
				LOCALIZATION_PREFERS_STRING_CATALOGS = YES;
				MTL_ENABLE_DEBUG_INFO = INCLUDE_SOURCE;
				MTL_FAST_MATH = YES;
				ONLY_ACTIVE_ARCH = YES;
				SDKROOT = iphoneos;
				SWIFT_ACTIVE_COMPILATION_CONDITIONS = "DEBUG $(inherited)";
				SWIFT_OPTIMIZATION_LEVEL = "-Onone";
			};
			name = Debug;
		};
		0E4852A32C1A13CD00FB577E /* Release */ = {
			isa = XCBuildConfiguration;
			buildSettings = {
				ALWAYS_SEARCH_USER_PATHS = NO;
				ASSETCATALOG_COMPILER_GENERATE_SWIFT_ASSET_SYMBOL_EXTENSIONS = YES;
				CLANG_ANALYZER_NONNULL = YES;
				CLANG_ANALYZER_NUMBER_OBJECT_CONVERSION = YES_AGGRESSIVE;
				CLANG_CXX_LANGUAGE_STANDARD = "gnu++20";
				CLANG_ENABLE_MODULES = YES;
				CLANG_ENABLE_OBJC_ARC = YES;
				CLANG_ENABLE_OBJC_WEAK = YES;
				CLANG_WARN_BLOCK_CAPTURE_AUTORELEASING = YES;
				CLANG_WARN_BOOL_CONVERSION = YES;
				CLANG_WARN_COMMA = YES;
				CLANG_WARN_CONSTANT_CONVERSION = YES;
				CLANG_WARN_DEPRECATED_OBJC_IMPLEMENTATIONS = YES;
				CLANG_WARN_DIRECT_OBJC_ISA_USAGE = YES_ERROR;
				CLANG_WARN_DOCUMENTATION_COMMENTS = YES;
				CLANG_WARN_EMPTY_BODY = YES;
				CLANG_WARN_ENUM_CONVERSION = YES;
				CLANG_WARN_INFINITE_RECURSION = YES;
				CLANG_WARN_INT_CONVERSION = YES;
				CLANG_WARN_NON_LITERAL_NULL_CONVERSION = YES;
				CLANG_WARN_OBJC_IMPLICIT_RETAIN_SELF = YES;
				CLANG_WARN_OBJC_LITERAL_CONVERSION = YES;
				CLANG_WARN_OBJC_ROOT_CLASS = YES_ERROR;
				CLANG_WARN_QUOTED_INCLUDE_IN_FRAMEWORK_HEADER = YES;
				CLANG_WARN_RANGE_LOOP_ANALYSIS = YES;
				CLANG_WARN_STRICT_PROTOTYPES = YES;
				CLANG_WARN_SUSPICIOUS_MOVE = YES;
				CLANG_WARN_UNGUARDED_AVAILABILITY = YES_AGGRESSIVE;
				CLANG_WARN_UNREACHABLE_CODE = YES;
				CLANG_WARN__DUPLICATE_METHOD_MATCH = YES;
				COPY_PHASE_STRIP = NO;
				DEBUG_INFORMATION_FORMAT = "dwarf-with-dsym";
				ENABLE_NS_ASSERTIONS = NO;
				ENABLE_STRICT_OBJC_MSGSEND = YES;
				ENABLE_USER_SCRIPT_SANDBOXING = YES;
				GCC_C_LANGUAGE_STANDARD = gnu17;
				GCC_NO_COMMON_BLOCKS = YES;
				GCC_WARN_64_TO_32_BIT_CONVERSION = YES;
				GCC_WARN_ABOUT_RETURN_TYPE = YES_ERROR;
				GCC_WARN_UNDECLARED_SELECTOR = YES;
				GCC_WARN_UNINITIALIZED_AUTOS = YES_AGGRESSIVE;
				GCC_WARN_UNUSED_FUNCTION = YES;
				GCC_WARN_UNUSED_VARIABLE = YES;
				IPHONEOS_DEPLOYMENT_TARGET = 17.5;
				LOCALIZATION_PREFERS_STRING_CATALOGS = YES;
				MTL_ENABLE_DEBUG_INFO = NO;
				MTL_FAST_MATH = YES;
				SDKROOT = iphoneos;
				SWIFT_COMPILATION_MODE = wholemodule;
				VALIDATE_PRODUCT = YES;
			};
			name = Release;
		};
		0E4852A52C1A13CD00FB577E /* Debug */ = {
			isa = XCBuildConfiguration;
			buildSettings = {
				ASSETCATALOG_COMPILER_APPICON_NAME = AppIcon;
				ASSETCATALOG_COMPILER_GLOBAL_ACCENT_COLOR_NAME = AccentColor;
				CODE_SIGN_STYLE = Automatic;
				CURRENT_PROJECT_VERSION = 1;
				DEVELOPMENT_ASSET_PATHS = "\"Plant Care/Preview Content\"";
				ENABLE_PREVIEWS = YES;
				GENERATE_INFOPLIST_FILE = YES;
				INFOPLIST_KEY_UIApplicationSceneManifest_Generation = YES;
				INFOPLIST_KEY_UIApplicationSupportsIndirectInputEvents = YES;
				INFOPLIST_KEY_UILaunchScreen_Generation = YES;
				INFOPLIST_KEY_UISupportedInterfaceOrientations_iPad = "UIInterfaceOrientationPortrait UIInterfaceOrientationPortraitUpsideDown UIInterfaceOrientationLandscapeLeft UIInterfaceOrientationLandscapeRight";
				INFOPLIST_KEY_UISupportedInterfaceOrientations_iPhone = "UIInterfaceOrientationPortrait UIInterfaceOrientationLandscapeLeft UIInterfaceOrientationLandscapeRight";
				LD_RUNPATH_SEARCH_PATHS = (
					"$(inherited)",
					"@executable_path/Frameworks",
				);
				MARKETING_VERSION = 1.0;
				PRODUCT_BUNDLE_IDENTIFIER = "com.sebastijanzindl.Plant-Care";
				PRODUCT_NAME = "$(TARGET_NAME)";
				SWIFT_EMIT_LOC_STRINGS = YES;
				SWIFT_VERSION = 5.0;
				TARGETED_DEVICE_FAMILY = "1,2";
			};
			name = Debug;
		};
		0E4852A62C1A13CD00FB577E /* Release */ = {
			isa = XCBuildConfiguration;
			buildSettings = {
				ASSETCATALOG_COMPILER_APPICON_NAME = AppIcon;
				ASSETCATALOG_COMPILER_GLOBAL_ACCENT_COLOR_NAME = AccentColor;
				CODE_SIGN_STYLE = Automatic;
				CURRENT_PROJECT_VERSION = 1;
				DEVELOPMENT_ASSET_PATHS = "\"Plant Care/Preview Content\"";
				ENABLE_PREVIEWS = YES;
				GENERATE_INFOPLIST_FILE = YES;
				INFOPLIST_KEY_UIApplicationSceneManifest_Generation = YES;
				INFOPLIST_KEY_UIApplicationSupportsIndirectInputEvents = YES;
				INFOPLIST_KEY_UILaunchScreen_Generation = YES;
				INFOPLIST_KEY_UISupportedInterfaceOrientations_iPad = "UIInterfaceOrientationPortrait UIInterfaceOrientationPortraitUpsideDown UIInterfaceOrientationLandscapeLeft UIInterfaceOrientationLandscapeRight";
				INFOPLIST_KEY_UISupportedInterfaceOrientations_iPhone = "UIInterfaceOrientationPortrait UIInterfaceOrientationLandscapeLeft UIInterfaceOrientationLandscapeRight";
				LD_RUNPATH_SEARCH_PATHS = (
					"$(inherited)",
					"@executable_path/Frameworks",
				);
				MARKETING_VERSION = 1.0;
				PRODUCT_BUNDLE_IDENTIFIER = "com.sebastijanzindl.Plant-Care";
				PRODUCT_NAME = "$(TARGET_NAME)";
				SWIFT_EMIT_LOC_STRINGS = YES;
				SWIFT_VERSION = 5.0;
				TARGETED_DEVICE_FAMILY = "1,2";
			};
			name = Release;
		};
/* End XCBuildConfiguration section */

/* Begin XCConfigurationList section */
		0E4852912C1A13CC00FB577E /* Build configuration list for PBXProject "Plant Care" */ = {
			isa = XCConfigurationList;
			buildConfigurations = (
				0E4852A22C1A13CD00FB577E /* Debug */,
				0E4852A32C1A13CD00FB577E /* Release */,
			);
			defaultConfigurationIsVisible = 0;
			defaultConfigurationName = Release;
		};
		0E4852A42C1A13CD00FB577E /* Build configuration list for PBXNativeTarget "Plant Care" */ = {
			isa = XCConfigurationList;
			buildConfigurations = (
				0E4852A52C1A13CD00FB577E /* Debug */,
				0E4852A62C1A13CD00FB577E /* Release */,
			);
			defaultConfigurationIsVisible = 0;
			defaultConfigurationName = Release;
		};
/* End XCConfigurationList section */
	};
	rootObject = 0E48528E2C1A13CC00FB577E /* Project object */;
}
