// !$*UTF8*$!
{
	archiveVersion = 1;
	classes = {
	};
	objectVersion = 56;
	objects = {

/* Begin PBXBuildFile section */
		0E04E6842C1EE6F30075516F /* ModelData.swift in Sources */ = {isa = PBXBuildFile; fileRef = 0E04E6832C1EE6F30075516F /* ModelData.swift */; };
		0E04E6862C1EED490075516F /* UserPlant.swift in Sources */ = {isa = PBXBuildFile; fileRef = 0E04E6852C1EED490075516F /* UserPlant.swift */; };
		0E04E6882C1EEF460075516F /* UserPlantsList.swift in Sources */ = {isa = PBXBuildFile; fileRef = 0E04E6872C1EEF460075516F /* UserPlantsList.swift */; };
		0E04E68A2C1EF7C30075516F /* AddPlant.swift in Sources */ = {isa = PBXBuildFile; fileRef = 0E04E6892C1EF7C30075516F /* AddPlant.swift */; };
		0E108F4C2C1DCE1F002EF436 /* Alamofire in Frameworks */ = {isa = PBXBuildFile; productRef = 0E108F4B2C1DCE1F002EF436 /* Alamofire */; };
		0E108F4F2C1DD131002EF436 /* PlantManager.swift in Sources */ = {isa = PBXBuildFile; fileRef = 0E108F4E2C1DD131002EF436 /* PlantManager.swift */; };
		0E2515D52C21782B00F1FC23 /* UserPlantDetail.swift in Sources */ = {isa = PBXBuildFile; fileRef = 0E2515D42C21782B00F1FC23 /* UserPlantDetail.swift */; };
		0E4113E92C22FC2A00F9F34A /* SinglePlantResponse.swift in Sources */ = {isa = PBXBuildFile; fileRef = 0E4113E82C22FC2A00F9F34A /* SinglePlantResponse.swift */; };
		0E4113EB2C22FC6D00F9F34A /* MultiplePlantResponse.swift in Sources */ = {isa = PBXBuildFile; fileRef = 0E4113EA2C22FC6D00F9F34A /* MultiplePlantResponse.swift */; };
		0E4113EE2C244D1D00F9F34A /* MapViewViewModel.swift in Sources */ = {isa = PBXBuildFile; fileRef = 0E4113ED2C244D1D00F9F34A /* MapViewViewModel.swift */; };
		0E48529A2C1A13CC00FB577E /* Plant_CareApp.swift in Sources */ = {isa = PBXBuildFile; fileRef = 0E4852992C1A13CC00FB577E /* Plant_CareApp.swift */; };
		0E48529C2C1A13CC00FB577E /* ContentView.swift in Sources */ = {isa = PBXBuildFile; fileRef = 0E48529B2C1A13CC00FB577E /* ContentView.swift */; };
		0E48529E2C1A13CD00FB577E /* Assets.xcassets in Resources */ = {isa = PBXBuildFile; fileRef = 0E48529D2C1A13CD00FB577E /* Assets.xcassets */; };
		0E4852A12C1A13CD00FB577E /* Preview Assets.xcassets in Resources */ = {isa = PBXBuildFile; fileRef = 0E4852A02C1A13CD00FB577E /* Preview Assets.xcassets */; };
		0E74E99F2C202EF300B1306F /* ImagePickerCoordinator.swift in Sources */ = {isa = PBXBuildFile; fileRef = 0E74E99E2C202EF300B1306F /* ImagePickerCoordinator.swift */; };
		0E74E9A12C20321E00B1306F /* ImagePickerView.swift in Sources */ = {isa = PBXBuildFile; fileRef = 0E74E9A02C20321E00B1306F /* ImagePickerView.swift */; };
		0E74E9A62C20997800B1306F /* UserPlantRow.swift in Sources */ = {isa = PBXBuildFile; fileRef = 0E74E9A52C20997800B1306F /* UserPlantRow.swift */; };
		0E96CBC22C245832008C597B /* README.md in Resources */ = {isa = PBXBuildFile; fileRef = 0E96CBC12C245832008C597B /* README.md */; };
		0E96CBC42C245A97008C597B /* CameraCoordinator.swift in Sources */ = {isa = PBXBuildFile; fileRef = 0E96CBC32C245A97008C597B /* CameraCoordinator.swift */; };
		0E96CBC62C245AC0008C597B /* CameraView.swift in Sources */ = {isa = PBXBuildFile; fileRef = 0E96CBC52C245AC0008C597B /* CameraView.swift */; };
		0EA8A49F2C22082C0054AA89 /* PlantDetailViewModel.swift in Sources */ = {isa = PBXBuildFile; fileRef = 0EA8A49E2C22082C0054AA89 /* PlantDetailViewModel.swift */; };
		0EE2E5A62C51136500867EFC /* AudioRecording.swift in Sources */ = {isa = PBXBuildFile; fileRef = 0EE2E5A52C51136500867EFC /* AudioRecording.swift */; };
		0EEB1C7F2C1AE4D800AA90FE /* Plant.swift in Sources */ = {isa = PBXBuildFile; fileRef = 0EEB1C7E2C1AE4D800AA90FE /* Plant.swift */; };
		0EEB1C832C1AE9C200AA90FE /* plantData.json in Resources */ = {isa = PBXBuildFile; fileRef = 0EEB1C822C1AE9C200AA90FE /* plantData.json */; };
		0EEB1C872C1AED4D00AA90FE /* PlantRow.swift in Sources */ = {isa = PBXBuildFile; fileRef = 0EEB1C862C1AED4D00AA90FE /* PlantRow.swift */; };
		0EEB1C892C1AEEC400AA90FE /* PlantList.swift in Sources */ = {isa = PBXBuildFile; fileRef = 0EEB1C882C1AEEC400AA90FE /* PlantList.swift */; };
		0EEB1C8B2C1AEFEE00AA90FE /* MapView.swift in Sources */ = {isa = PBXBuildFile; fileRef = 0EEB1C8A2C1AEFEE00AA90FE /* MapView.swift */; };
		0EEB1C8D2C1AF05900AA90FE /* ImageCircle.swift in Sources */ = {isa = PBXBuildFile; fileRef = 0EEB1C8C2C1AF05900AA90FE /* ImageCircle.swift */; };
		0EEB1C8F2C1AF0A700AA90FE /* PlantDetail.swift in Sources */ = {isa = PBXBuildFile; fileRef = 0EEB1C8E2C1AF0A700AA90FE /* PlantDetail.swift */; };
/* End PBXBuildFile section */

/* Begin PBXFileReference section */
		0E04E6832C1EE6F30075516F /* ModelData.swift */ = {isa = PBXFileReference; lastKnownFileType = sourcecode.swift; path = ModelData.swift; sourceTree = "<group>"; };
		0E04E6852C1EED490075516F /* UserPlant.swift */ = {isa = PBXFileReference; lastKnownFileType = sourcecode.swift; path = UserPlant.swift; sourceTree = "<group>"; };
		0E04E6872C1EEF460075516F /* UserPlantsList.swift */ = {isa = PBXFileReference; lastKnownFileType = sourcecode.swift; path = UserPlantsList.swift; sourceTree = "<group>"; };
		0E04E6892C1EF7C30075516F /* AddPlant.swift */ = {isa = PBXFileReference; lastKnownFileType = sourcecode.swift; path = AddPlant.swift; sourceTree = "<group>"; };
		0E108F4E2C1DD131002EF436 /* PlantManager.swift */ = {isa = PBXFileReference; lastKnownFileType = sourcecode.swift; path = PlantManager.swift; sourceTree = "<group>"; };
		0E108F542C1DD8D1002EF436 /* Plant-Care-Info.plist */ = {isa = PBXFileReference; lastKnownFileType = text.plist; path = "Plant-Care-Info.plist"; sourceTree = SOURCE_ROOT; };
		0E2515D42C21782B00F1FC23 /* UserPlantDetail.swift */ = {isa = PBXFileReference; lastKnownFileType = sourcecode.swift; path = UserPlantDetail.swift; sourceTree = "<group>"; };
		0E4113E82C22FC2A00F9F34A /* SinglePlantResponse.swift */ = {isa = PBXFileReference; lastKnownFileType = sourcecode.swift; path = SinglePlantResponse.swift; sourceTree = "<group>"; };
		0E4113EA2C22FC6D00F9F34A /* MultiplePlantResponse.swift */ = {isa = PBXFileReference; lastKnownFileType = sourcecode.swift; path = MultiplePlantResponse.swift; sourceTree = "<group>"; };
		0E4113ED2C244D1D00F9F34A /* MapViewViewModel.swift */ = {isa = PBXFileReference; lastKnownFileType = sourcecode.swift; path = MapViewViewModel.swift; sourceTree = "<group>"; };
		0E4852962C1A13CC00FB577E /* Plant Care.app */ = {isa = PBXFileReference; explicitFileType = wrapper.application; includeInIndex = 0; path = "Plant Care.app"; sourceTree = BUILT_PRODUCTS_DIR; };
		0E4852992C1A13CC00FB577E /* Plant_CareApp.swift */ = {isa = PBXFileReference; lastKnownFileType = sourcecode.swift; path = Plant_CareApp.swift; sourceTree = "<group>"; };
		0E48529B2C1A13CC00FB577E /* ContentView.swift */ = {isa = PBXFileReference; lastKnownFileType = sourcecode.swift; path = ContentView.swift; sourceTree = "<group>"; };
		0E48529D2C1A13CD00FB577E /* Assets.xcassets */ = {isa = PBXFileReference; lastKnownFileType = folder.assetcatalog; path = Assets.xcassets; sourceTree = "<group>"; };
		0E4852A02C1A13CD00FB577E /* Preview Assets.xcassets */ = {isa = PBXFileReference; lastKnownFileType = folder.assetcatalog; path = "Preview Assets.xcassets"; sourceTree = "<group>"; };
		0E74E99E2C202EF300B1306F /* ImagePickerCoordinator.swift */ = {isa = PBXFileReference; lastKnownFileType = sourcecode.swift; path = ImagePickerCoordinator.swift; sourceTree = "<group>"; };
		0E74E9A02C20321E00B1306F /* ImagePickerView.swift */ = {isa = PBXFileReference; lastKnownFileType = sourcecode.swift; path = ImagePickerView.swift; sourceTree = "<group>"; };
		0E74E9A52C20997800B1306F /* UserPlantRow.swift */ = {isa = PBXFileReference; lastKnownFileType = sourcecode.swift; path = UserPlantRow.swift; sourceTree = "<group>"; };
		0E96CBC12C245832008C597B /* README.md */ = {isa = PBXFileReference; lastKnownFileType = net.daringfireball.markdown; path = README.md; sourceTree = "<group>"; };
		0E96CBC32C245A97008C597B /* CameraCoordinator.swift */ = {isa = PBXFileReference; lastKnownFileType = sourcecode.swift; path = CameraCoordinator.swift; sourceTree = "<group>"; };
		0E96CBC52C245AC0008C597B /* CameraView.swift */ = {isa = PBXFileReference; lastKnownFileType = sourcecode.swift; path = CameraView.swift; sourceTree = "<group>"; };
		0EA8A49E2C22082C0054AA89 /* PlantDetailViewModel.swift */ = {isa = PBXFileReference; lastKnownFileType = sourcecode.swift; path = PlantDetailViewModel.swift; sourceTree = "<group>"; };
		0EE2E5A52C51136500867EFC /* AudioRecording.swift */ = {isa = PBXFileReference; lastKnownFileType = sourcecode.swift; path = AudioRecording.swift; sourceTree = "<group>"; };
		0EEB1C7E2C1AE4D800AA90FE /* Plant.swift */ = {isa = PBXFileReference; lastKnownFileType = sourcecode.swift; path = Plant.swift; sourceTree = "<group>"; };
		0EEB1C822C1AE9C200AA90FE /* plantData.json */ = {isa = PBXFileReference; lastKnownFileType = text.json; path = plantData.json; sourceTree = "<group>"; };
		0EEB1C862C1AED4D00AA90FE /* PlantRow.swift */ = {isa = PBXFileReference; lastKnownFileType = sourcecode.swift; path = PlantRow.swift; sourceTree = "<group>"; };
		0EEB1C882C1AEEC400AA90FE /* PlantList.swift */ = {isa = PBXFileReference; lastKnownFileType = sourcecode.swift; path = PlantList.swift; sourceTree = "<group>"; };
		0EEB1C8A2C1AEFEE00AA90FE /* MapView.swift */ = {isa = PBXFileReference; lastKnownFileType = sourcecode.swift; path = MapView.swift; sourceTree = "<group>"; };
		0EEB1C8C2C1AF05900AA90FE /* ImageCircle.swift */ = {isa = PBXFileReference; lastKnownFileType = sourcecode.swift; path = ImageCircle.swift; sourceTree = "<group>"; };
		0EEB1C8E2C1AF0A700AA90FE /* PlantDetail.swift */ = {isa = PBXFileReference; lastKnownFileType = sourcecode.swift; path = PlantDetail.swift; sourceTree = "<group>"; };
/* End PBXFileReference section */

/* Begin PBXFrameworksBuildPhase section */
		0E4852932C1A13CC00FB577E /* Frameworks */ = {
			isa = PBXFrameworksBuildPhase;
			buildActionMask = 2147483647;
			files = (
				0E108F4C2C1DCE1F002EF436 /* Alamofire in Frameworks */,
			);
			runOnlyForDeploymentPostprocessing = 0;
		};
/* End PBXFrameworksBuildPhase section */

/* Begin PBXGroup section */
		0E108F4D2C1DD121002EF436 /* Manager */ = {
			isa = PBXGroup;
			children = (
				0E108F4E2C1DD131002EF436 /* PlantManager.swift */,
				0E74E99E2C202EF300B1306F /* ImagePickerCoordinator.swift */,
				0E96CBC32C245A97008C597B /* CameraCoordinator.swift */,
			);
			path = Manager;
			sourceTree = "<group>";
		};
		0E4113E72C22FC2000F9F34A /* Responses */ = {
			isa = PBXGroup;
			children = (
				0E4113E82C22FC2A00F9F34A /* SinglePlantResponse.swift */,
				0E4113EA2C22FC6D00F9F34A /* MultiplePlantResponse.swift */,
			);
			path = Responses;
			sourceTree = "<group>";
		};
		0E4113EC2C244D0E00F9F34A /* MapView */ = {
			isa = PBXGroup;
			children = (
				0EEB1C8A2C1AEFEE00AA90FE /* MapView.swift */,
				0E4113ED2C244D1D00F9F34A /* MapViewViewModel.swift */,
			);
			path = MapView;
			sourceTree = "<group>";
		};
		0E48528D2C1A13CC00FB577E = {
			isa = PBXGroup;
			children = (
				0E4852982C1A13CC00FB577E /* Plant Care */,
				0E4852972C1A13CC00FB577E /* Products */,
			);
			sourceTree = "<group>";
		};
		0E4852972C1A13CC00FB577E /* Products */ = {
			isa = PBXGroup;
			children = (
				0E4852962C1A13CC00FB577E /* Plant Care.app */,
			);
			name = Products;
			sourceTree = "<group>";
		};
		0E4852982C1A13CC00FB577E /* Plant Care */ = {
			isa = PBXGroup;
			children = (
				0E108F542C1DD8D1002EF436 /* Plant-Care-Info.plist */,
				0E108F4D2C1DD121002EF436 /* Manager */,
				0EEB1C812C1AE8A900AA90FE /* Resources */,
				0EEB1C802C1AE7DC00AA90FE /* Views */,
				0EEB1C7D2C1AE4C600AA90FE /* Models */,
				0E4852992C1A13CC00FB577E /* Plant_CareApp.swift */,
				0E48529D2C1A13CD00FB577E /* Assets.xcassets */,
				0E48529F2C1A13CD00FB577E /* Preview Content */,
				0E96CBC12C245832008C597B /* README.md */,
			);
			path = "Plant Care";
			sourceTree = "<group>";
		};
		0E48529F2C1A13CD00FB577E /* Preview Content */ = {
			isa = PBXGroup;
			children = (
				0E4852A02C1A13CD00FB577E /* Preview Assets.xcassets */,
			);
			path = "Preview Content";
			sourceTree = "<group>";
		};
		0EA8A49D2C22081D0054AA89 /* PlantDetail */ = {
			isa = PBXGroup;
			children = (
				0EEB1C8E2C1AF0A700AA90FE /* PlantDetail.swift */,
				0EA8A49E2C22082C0054AA89 /* PlantDetailViewModel.swift */,
			);
			path = PlantDetail;
			sourceTree = "<group>";
		};
		0EEB1C7D2C1AE4C600AA90FE /* Models */ = {
			isa = PBXGroup;
			children = (
				0E4113E72C22FC2000F9F34A /* Responses */,
				0EEB1C7E2C1AE4D800AA90FE /* Plant.swift */,
				0E04E6852C1EED490075516F /* UserPlant.swift */,
				0EE2E5A52C51136500867EFC /* AudioRecording.swift */,
			);
			path = Models;
			sourceTree = "<group>";
		};
		0EEB1C802C1AE7DC00AA90FE /* Views */ = {
			isa = PBXGroup;
			children = (
				0E4113EC2C244D0E00F9F34A /* MapView */,
				0EA8A49D2C22081D0054AA89 /* PlantDetail */,
				0E04E6892C1EF7C30075516F /* AddPlant.swift */,
				0E48529B2C1A13CC00FB577E /* ContentView.swift */,
				0EEB1C862C1AED4D00AA90FE /* PlantRow.swift */,
				0EEB1C882C1AEEC400AA90FE /* PlantList.swift */,
				0EEB1C8C2C1AF05900AA90FE /* ImageCircle.swift */,
				0E04E6872C1EEF460075516F /* UserPlantsList.swift */,
				0E74E9A02C20321E00B1306F /* ImagePickerView.swift */,
				0E74E9A52C20997800B1306F /* UserPlantRow.swift */,
				0E2515D42C21782B00F1FC23 /* UserPlantDetail.swift */,
				0E96CBC52C245AC0008C597B /* CameraView.swift */,
			);
			path = Views;
			sourceTree = "<group>";
		};
		0EEB1C812C1AE8A900AA90FE /* Resources */ = {
			isa = PBXGroup;
			children = (
				0EEB1C822C1AE9C200AA90FE /* plantData.json */,
				0E04E6832C1EE6F30075516F /* ModelData.swift */,
			);
			path = Resources;
			sourceTree = "<group>";
		};
/* End PBXGroup section */

/* Begin PBXNativeTarget section */
		0E4852952C1A13CC00FB577E /* Plant Care */ = {
			isa = PBXNativeTarget;
			buildConfigurationList = 0E4852A42C1A13CD00FB577E /* Build configuration list for PBXNativeTarget "Plant Care" */;
			buildPhases = (
				0E4852922C1A13CC00FB577E /* Sources */,
				0E4852932C1A13CC00FB577E /* Frameworks */,
				0E4852942C1A13CC00FB577E /* Resources */,
			);
			buildRules = (
			);
			dependencies = (
			);
			name = "Plant Care";
			packageProductDependencies = (
				0E108F4B2C1DCE1F002EF436 /* Alamofire */,
			);
			productName = "Plant Care";
			productReference = 0E4852962C1A13CC00FB577E /* Plant Care.app */;
			productType = "com.apple.product-type.application";
		};
/* End PBXNativeTarget section */

/* Begin PBXProject section */
		0E48528E2C1A13CC00FB577E /* Project object */ = {
			isa = PBXProject;
			attributes = {
				BuildIndependentTargetsInParallel = 1;
				LastSwiftUpdateCheck = 1540;
				LastUpgradeCheck = 1540;
				TargetAttributes = {
					0E4852952C1A13CC00FB577E = {
						CreatedOnToolsVersion = 15.4;
					};
				};
			};
			buildConfigurationList = 0E4852912C1A13CC00FB577E /* Build configuration list for PBXProject "Plant Care" */;
			compatibilityVersion = "Xcode 14.0";
			developmentRegion = en;
			hasScannedForEncodings = 0;
			knownRegions = (
				en,
				Base,
			);
			mainGroup = 0E48528D2C1A13CC00FB577E;
			packageReferences = (
				0E108F4A2C1DCE1F002EF436 /* XCRemoteSwiftPackageReference "Alamofire" */,
			);
			productRefGroup = 0E4852972C1A13CC00FB577E /* Products */;
			projectDirPath = "";
			projectRoot = "";
			targets = (
				0E4852952C1A13CC00FB577E /* Plant Care */,
			);
		};
/* End PBXProject section */

/* Begin PBXResourcesBuildPhase section */
		0E4852942C1A13CC00FB577E /* Resources */ = {
			isa = PBXResourcesBuildPhase;
			buildActionMask = 2147483647;
			files = (
				0EEB1C832C1AE9C200AA90FE /* plantData.json in Resources */,
				0E4852A12C1A13CD00FB577E /* Preview Assets.xcassets in Resources */,
				0E96CBC22C245832008C597B /* README.md in Resources */,
				0E48529E2C1A13CD00FB577E /* Assets.xcassets in Resources */,
			);
			runOnlyForDeploymentPostprocessing = 0;
		};
/* End PBXResourcesBuildPhase section */

/* Begin PBXSourcesBuildPhase section */
		0E4852922C1A13CC00FB577E /* Sources */ = {
			isa = PBXSourcesBuildPhase;
			buildActionMask = 2147483647;
			files = (
				0EEB1C8B2C1AEFEE00AA90FE /* MapView.swift in Sources */,
				0E74E99F2C202EF300B1306F /* ImagePickerCoordinator.swift in Sources */,
				0EEB1C8D2C1AF05900AA90FE /* ImageCircle.swift in Sources */,
				0E74E9A62C20997800B1306F /* UserPlantRow.swift in Sources */,
				0E48529C2C1A13CC00FB577E /* ContentView.swift in Sources */,
				0E74E9A12C20321E00B1306F /* ImagePickerView.swift in Sources */,
				0EE2E5A62C51136500867EFC /* AudioRecording.swift in Sources */,
				0EA8A49F2C22082C0054AA89 /* PlantDetailViewModel.swift in Sources */,
				0EEB1C892C1AEEC400AA90FE /* PlantList.swift in Sources */,
				0E04E6882C1EEF460075516F /* UserPlantsList.swift in Sources */,
				0E4113EE2C244D1D00F9F34A /* MapViewViewModel.swift in Sources */,
				0E4113EB2C22FC6D00F9F34A /* MultiplePlantResponse.swift in Sources */,
				0EEB1C7F2C1AE4D800AA90FE /* Plant.swift in Sources */,
				0E04E68A2C1EF7C30075516F /* AddPlant.swift in Sources */,
				0E96CBC42C245A97008C597B /* CameraCoordinator.swift in Sources */,
				0EEB1C8F2C1AF0A700AA90FE /* PlantDetail.swift in Sources */,
				0E04E6862C1EED490075516F /* UserPlant.swift in Sources */,
				0E108F4F2C1DD131002EF436 /* PlantManager.swift in Sources */,
				0E04E6842C1EE6F30075516F /* ModelData.swift in Sources */,
				0E96CBC62C245AC0008C597B /* CameraView.swift in Sources */,
				0E2515D52C21782B00F1FC23 /* UserPlantDetail.swift in Sources */,
				0E4113E92C22FC2A00F9F34A /* SinglePlantResponse.swift in Sources */,
				0EEB1C872C1AED4D00AA90FE /* PlantRow.swift in Sources */,
				0E48529A2C1A13CC00FB577E /* Plant_CareApp.swift in Sources */,
			);
			runOnlyForDeploymentPostprocessing = 0;
		};
/* End PBXSourcesBuildPhase section */

/* Begin XCBuildConfiguration section */
		0E4852A22C1A13CD00FB577E /* Debug */ = {
			isa = XCBuildConfiguration;
			buildSettings = {
				ALWAYS_SEARCH_USER_PATHS = NO;
				ASSETCATALOG_COMPILER_GENERATE_SWIFT_ASSET_SYMBOL_EXTENSIONS = YES;
				CLANG_ANALYZER_NONNULL = YES;
				CLANG_ANALYZER_NUMBER_OBJECT_CONVERSION = YES_AGGRESSIVE;
				CLANG_CXX_LANGUAGE_STANDARD = "gnu++20";
				CLANG_ENABLE_MODULES = YES;
				CLANG_ENABLE_OBJC_ARC = YES;
				CLANG_ENABLE_OBJC_WEAK = YES;
				CLANG_WARN_BLOCK_CAPTURE_AUTORELEASING = YES;
				CLANG_WARN_BOOL_CONVERSION = YES;
				CLANG_WARN_COMMA = YES;
				CLANG_WARN_CONSTANT_CONVERSION = YES;
				CLANG_WARN_DEPRECATED_OBJC_IMPLEMENTATIONS = YES;
				CLANG_WARN_DIRECT_OBJC_ISA_USAGE = YES_ERROR;
				CLANG_WARN_DOCUMENTATION_COMMENTS = YES;
				CLANG_WARN_EMPTY_BODY = YES;
				CLANG_WARN_ENUM_CONVERSION = YES;
				CLANG_WARN_INFINITE_RECURSION = YES;
				CLANG_WARN_INT_CONVERSION = YES;
				CLANG_WARN_NON_LITERAL_NULL_CONVERSION = YES;
				CLANG_WARN_OBJC_IMPLICIT_RETAIN_SELF = YES;
				CLANG_WARN_OBJC_LITERAL_CONVERSION = YES;
				CLANG_WARN_OBJC_ROOT_CLASS = YES_ERROR;
				CLANG_WARN_QUOTED_INCLUDE_IN_FRAMEWORK_HEADER = YES;
				CLANG_WARN_RANGE_LOOP_ANALYSIS = YES;
				CLANG_WARN_STRICT_PROTOTYPES = YES;
				CLANG_WARN_SUSPICIOUS_MOVE = YES;
				CLANG_WARN_UNGUARDED_AVAILABILITY = YES_AGGRESSIVE;
				CLANG_WARN_UNREACHABLE_CODE = YES;
				CLANG_WARN__DUPLICATE_METHOD_MATCH = YES;
				COPY_PHASE_STRIP = NO;
				DEBUG_INFORMATION_FORMAT = dwarf;
				ENABLE_STRICT_OBJC_MSGSEND = YES;
				ENABLE_TESTABILITY = YES;
				ENABLE_USER_SCRIPT_SANDBOXING = YES;
				GCC_C_LANGUAGE_STANDARD = gnu17;
				GCC_DYNAMIC_NO_PIC = NO;
				GCC_NO_COMMON_BLOCKS = YES;
				GCC_OPTIMIZATION_LEVEL = 0;
				GCC_PREPROCESSOR_DEFINITIONS = (
					"DEBUG=1",
					"$(inherited)",
				);
				GCC_WARN_64_TO_32_BIT_CONVERSION = YES;
				GCC_WARN_ABOUT_RETURN_TYPE = YES_ERROR;
				GCC_WARN_UNDECLARED_SELECTOR = YES;
				GCC_WARN_UNINITIALIZED_AUTOS = YES_AGGRESSIVE;
				GCC_WARN_UNUSED_FUNCTION = YES;
				GCC_WARN_UNUSED_VARIABLE = YES;
				IPHONEOS_DEPLOYMENT_TARGET = 17.5;
				LOCALIZATION_PREFERS_STRING_CATALOGS = YES;
				MTL_ENABLE_DEBUG_INFO = INCLUDE_SOURCE;
				MTL_FAST_MATH = YES;
				ONLY_ACTIVE_ARCH = YES;
				SDKROOT = iphoneos;
				SWIFT_ACTIVE_COMPILATION_CONDITIONS = "DEBUG $(inherited)";
				SWIFT_OPTIMIZATION_LEVEL = "-Onone";
			};
			name = Debug;
		};
		0E4852A32C1A13CD00FB577E /* Release */ = {
			isa = XCBuildConfiguration;
			buildSettings = {
				ALWAYS_SEARCH_USER_PATHS = NO;
				ASSETCATALOG_COMPILER_GENERATE_SWIFT_ASSET_SYMBOL_EXTENSIONS = YES;
				CLANG_ANALYZER_NONNULL = YES;
				CLANG_ANALYZER_NUMBER_OBJECT_CONVERSION = YES_AGGRESSIVE;
				CLANG_CXX_LANGUAGE_STANDARD = "gnu++20";
				CLANG_ENABLE_MODULES = YES;
				CLANG_ENABLE_OBJC_ARC = YES;
				CLANG_ENABLE_OBJC_WEAK = YES;
				CLANG_WARN_BLOCK_CAPTURE_AUTORELEASING = YES;
				CLANG_WARN_BOOL_CONVERSION = YES;
				CLANG_WARN_COMMA = YES;
				CLANG_WARN_CONSTANT_CONVERSION = YES;
				CLANG_WARN_DEPRECATED_OBJC_IMPLEMENTATIONS = YES;
				CLANG_WARN_DIRECT_OBJC_ISA_USAGE = YES_ERROR;
				CLANG_WARN_DOCUMENTATION_COMMENTS = YES;
				CLANG_WARN_EMPTY_BODY = YES;
				CLANG_WARN_ENUM_CONVERSION = YES;
				CLANG_WARN_INFINITE_RECURSION = YES;
				CLANG_WARN_INT_CONVERSION = YES;
				CLANG_WARN_NON_LITERAL_NULL_CONVERSION = YES;
				CLANG_WARN_OBJC_IMPLICIT_RETAIN_SELF = YES;
				CLANG_WARN_OBJC_LITERAL_CONVERSION = YES;
				CLANG_WARN_OBJC_ROOT_CLASS = YES_ERROR;
				CLANG_WARN_QUOTED_INCLUDE_IN_FRAMEWORK_HEADER = YES;
				CLANG_WARN_RANGE_LOOP_ANALYSIS = YES;
				CLANG_WARN_STRICT_PROTOTYPES = YES;
				CLANG_WARN_SUSPICIOUS_MOVE = YES;
				CLANG_WARN_UNGUARDED_AVAILABILITY = YES_AGGRESSIVE;
				CLANG_WARN_UNREACHABLE_CODE = YES;
				CLANG_WARN__DUPLICATE_METHOD_MATCH = YES;
				COPY_PHASE_STRIP = NO;
				DEBUG_INFORMATION_FORMAT = "dwarf-with-dsym";
				ENABLE_NS_ASSERTIONS = NO;
				ENABLE_STRICT_OBJC_MSGSEND = YES;
				ENABLE_USER_SCRIPT_SANDBOXING = YES;
				GCC_C_LANGUAGE_STANDARD = gnu17;
				GCC_NO_COMMON_BLOCKS = YES;
				GCC_WARN_64_TO_32_BIT_CONVERSION = YES;
				GCC_WARN_ABOUT_RETURN_TYPE = YES_ERROR;
				GCC_WARN_UNDECLARED_SELECTOR = YES;
				GCC_WARN_UNINITIALIZED_AUTOS = YES_AGGRESSIVE;
				GCC_WARN_UNUSED_FUNCTION = YES;
				GCC_WARN_UNUSED_VARIABLE = YES;
				IPHONEOS_DEPLOYMENT_TARGET = 17.5;
				LOCALIZATION_PREFERS_STRING_CATALOGS = YES;
				MTL_ENABLE_DEBUG_INFO = NO;
				MTL_FAST_MATH = YES;
				SDKROOT = iphoneos;
				SWIFT_COMPILATION_MODE = wholemodule;
				VALIDATE_PRODUCT = YES;
			};
			name = Release;
		};
		0E4852A52C1A13CD00FB577E /* Debug */ = {
			isa = XCBuildConfiguration;
			buildSettings = {
				ASSETCATALOG_COMPILER_APPICON_NAME = AppIcon;
				ASSETCATALOG_COMPILER_GLOBAL_ACCENT_COLOR_NAME = AccentColor;
				CODE_SIGN_STYLE = Automatic;
				CURRENT_PROJECT_VERSION = 1;
				DEVELOPMENT_ASSET_PATHS = "\"Plant Care/Preview Content\"";
				ENABLE_PREVIEWS = YES;
				GENERATE_INFOPLIST_FILE = YES;
				INFOPLIST_FILE = "Plant-Care-Info.plist";
				INFOPLIST_KEY_NSCameraUsageDescription = "Camera is used for taking pictures";
				INFOPLIST_KEY_NSPhotoLibraryUsageDescription = "Used for selecting photos from library";
				INFOPLIST_KEY_UIApplicationSceneManifest_Generation = YES;
				INFOPLIST_KEY_UIApplicationSupportsIndirectInputEvents = YES;
				INFOPLIST_KEY_UILaunchScreen_Generation = YES;
				INFOPLIST_KEY_UISupportedInterfaceOrientations_iPad = UIInterfaceOrientationPortrait;
				INFOPLIST_KEY_UISupportedInterfaceOrientations_iPhone = UIInterfaceOrientationPortrait;
				LD_RUNPATH_SEARCH_PATHS = (
					"$(inherited)",
					"@executable_path/Frameworks",
				);
				MARKETING_VERSION = 1.0;
				PRODUCT_BUNDLE_IDENTIFIER = "com.sebastijanzindl.Plant-Care";
				PRODUCT_NAME = "$(TARGET_NAME)";
				SWIFT_EMIT_LOC_STRINGS = YES;
				SWIFT_VERSION = 5.0;
				TARGETED_DEVICE_FAMILY = "1,2";
			};
			name = Debug;
		};
		0E4852A62C1A13CD00FB577E /* Release */ = {
			isa = XCBuildConfiguration;
			buildSettings = {
				ASSETCATALOG_COMPILER_APPICON_NAME = AppIcon;
				ASSETCATALOG_COMPILER_GLOBAL_ACCENT_COLOR_NAME = AccentColor;
				CODE_SIGN_STYLE = Automatic;
				CURRENT_PROJECT_VERSION = 1;
				DEVELOPMENT_ASSET_PATHS = "\"Plant Care/Preview Content\"";
				ENABLE_PREVIEWS = YES;
				GENERATE_INFOPLIST_FILE = YES;
				INFOPLIST_FILE = "Plant-Care-Info.plist";
				INFOPLIST_KEY_NSCameraUsageDescription = "Camera is used for taking pictures";
				INFOPLIST_KEY_NSPhotoLibraryUsageDescription = "Used for selecting photos from library";
				INFOPLIST_KEY_UIApplicationSceneManifest_Generation = YES;
				INFOPLIST_KEY_UIApplicationSupportsIndirectInputEvents = YES;
				INFOPLIST_KEY_UILaunchScreen_Generation = YES;
				INFOPLIST_KEY_UISupportedInterfaceOrientations_iPad = UIInterfaceOrientationPortrait;
				INFOPLIST_KEY_UISupportedInterfaceOrientations_iPhone = UIInterfaceOrientationPortrait;
				LD_RUNPATH_SEARCH_PATHS = (
					"$(inherited)",
					"@executable_path/Frameworks",
				);
				MARKETING_VERSION = 1.0;
				PRODUCT_BUNDLE_IDENTIFIER = "com.sebastijanzindl.Plant-Care";
				PRODUCT_NAME = "$(TARGET_NAME)";
				SWIFT_EMIT_LOC_STRINGS = YES;
				SWIFT_VERSION = 5.0;
				TARGETED_DEVICE_FAMILY = "1,2";
			};
			name = Release;
		};
/* End XCBuildConfiguration section */

/* Begin XCConfigurationList section */
		0E4852912C1A13CC00FB577E /* Build configuration list for PBXProject "Plant Care" */ = {
			isa = XCConfigurationList;
			buildConfigurations = (
				0E4852A22C1A13CD00FB577E /* Debug */,
				0E4852A32C1A13CD00FB577E /* Release */,
			);
			defaultConfigurationIsVisible = 0;
			defaultConfigurationName = Release;
		};
		0E4852A42C1A13CD00FB577E /* Build configuration list for PBXNativeTarget "Plant Care" */ = {
			isa = XCConfigurationList;
			buildConfigurations = (
				0E4852A52C1A13CD00FB577E /* Debug */,
				0E4852A62C1A13CD00FB577E /* Release */,
			);
			defaultConfigurationIsVisible = 0;
			defaultConfigurationName = Release;
		};
/* End XCConfigurationList section */

/* Begin XCRemoteSwiftPackageReference section */
		0E108F4A2C1DCE1F002EF436 /* XCRemoteSwiftPackageReference "Alamofire" */ = {
			isa = XCRemoteSwiftPackageReference;
			repositoryURL = "https://github.com/Alamofire/Alamofire.git";
			requirement = {
				kind = exactVersion;
				version = 5.8.1;
			};
		};
/* End XCRemoteSwiftPackageReference section */

/* Begin XCSwiftPackageProductDependency section */
		0E108F4B2C1DCE1F002EF436 /* Alamofire */ = {
			isa = XCSwiftPackageProductDependency;
			package = 0E108F4A2C1DCE1F002EF436 /* XCRemoteSwiftPackageReference "Alamofire" */;
			productName = Alamofire;
		};
/* End XCSwiftPackageProductDependency section */
	};
	rootObject = 0E48528E2C1A13CC00FB577E /* Project object */;
}
